
Microsoft Visual Studio Solution File, Format Version 12.00
# Visual Studio 14
VisualStudioVersion = 14.0.23107.0
MinimumVisualStudioVersion = 10.0.40219.1
Project("{FAE04EC0-301F-11D3-BF4B-00C04F79EFBC}") = "publish", "SuperPublisher\publish.csproj", "{EFBED9B6-50B4-4754-9A24-6879701276F3}"
	ProjectSection(ProjectDependencies) = postProject
		{FEB25665-1B1D-4646-A550-3994E7F8B073} = {FEB25665-1B1D-4646-A550-3994E7F8B073}
	EndProjectSection
EndProject
Project("{FAE04EC0-301F-11D3-BF4B-00C04F79EFBC}") = "Qiniu.Net46", "csharp-sdk-7.2.4\src\Qiniu\Qiniu.Net46.csproj", "{FEB25665-1B1D-4646-A550-3994E7F8B073}"
EndProject
Global
	GlobalSection(SolutionConfigurationPlatforms) = preSolution
		Debug|Any CPU = Debug|Any CPU
		Release|Any CPU = Release|Any CPU
	EndGlobalSection
	GlobalSection(ProjectConfigurationPlatforms) = postSolution
		{EFBED9B6-50B4-4754-9A24-6879701276F3}.Debug|Any CPU.ActiveCfg = Debug|Any CPU
		{EFBED9B6-50B4-4754-9A24-6879701276F3}.Debug|Any CPU.Build.0 = Debug|Any CPU
		{EFBED9B6-50B4-4754-9A24-6879701276F3}.Release|Any CPU.ActiveCfg = Release|Any CPU
		{EFBED9B6-50B4-4754-9A24-6879701276F3}.Release|Any CPU.Build.0 = Release|Any CPU
		{FEB25665-1B1D-4646-A550-3994E7F8B073}.Debug|Any CPU.ActiveCfg = Debug|Any CPU
		{FEB25665-1B1D-4646-A550-3994E7F8B073}.Debug|Any CPU.Build.0 = Debug|Any CPU
		{FEB25665-1B1D-4646-A550-3994E7F8B073}.Release|Any CPU.ActiveCfg = Release|Any CPU
		{FEB25665-1B1D-4646-A550-3994E7F8B073}.Release|Any CPU.Build.0 = Release|Any CPU
	EndGlobalSection
	GlobalSection(SolutionProperties) = preSolution
		HideSolutionNode = FALSE
	EndGlobalSection
EndGlobal
